
Microsoft Visual Studio Solution File, Format Version 12.00
# Visual Studio Version 16
VisualStudioVersion = 16.0.30804.86
MinimumVisualStudioVersion = 10.0.40219.1
Project("{FAE04EC0-301F-11D3-BF4B-00C04F79EFBC}") = "DIO.Series", "DIO.Series\DIO.Series.csproj", "{5F9E5D33-226D-4819-8E66-CA71F903A5D0}"
EndProject
Global
	GlobalSection(SolutionConfigurationPlatforms) = preSolution
		Debug|Any CPU = Debug|Any CPU
		Release|Any CPU = Release|Any CPU
	EndGlobalSection
	GlobalSection(ProjectConfigurationPlatforms) = postSolution
		{5F9E5D33-226D-4819-8E66-CA71F903A5D0}.Debug|Any CPU.ActiveCfg = Debug|Any CPU
		{5F9E5D33-226D-4819-8E66-CA71F903A5D0}.Debug|Any CPU.Build.0 = Debug|Any CPU
		{5F9E5D33-226D-4819-8E66-CA71F903A5D0}.Release|Any CPU.ActiveCfg = Release|Any CPU
		{5F9E5D33-226D-4819-8E66-CA71F903A5D0}.Release|Any CPU.Build.0 = Release|Any CPU
	EndGlobalSection
	GlobalSection(SolutionProperties) = preSolution
		HideSolutionNode = FALSE
	EndGlobalSection
	GlobalSection(ExtensibilityGlobals) = postSolution
		SolutionGuid = {3776E91B-0E84-4A59-8643-522ED4AF6F0B}
	EndGlobalSection
EndGlobal
